// !$*UTF8*$!
{
	archiveVersion = 1;
	classes = {
	};
	objectVersion = 48;
	objects = {

/* Begin PBXBuildFile section */
		65B470D11FE1E6EF00032454 /* AppDelegate.swift in Sources */ = {isa = PBXBuildFile; fileRef = 65B470D01FE1E6EF00032454 /* AppDelegate.swift */; };
		65B470D31FE1E6EF00032454 /* ViewController.swift in Sources */ = {isa = PBXBuildFile; fileRef = 65B470D21FE1E6EF00032454 /* ViewController.swift */; };
		65B470D61FE1E6F000032454 /* Main.storyboard in Resources */ = {isa = PBXBuildFile; fileRef = 65B470D41FE1E6F000032454 /* Main.storyboard */; };
		65B470D81FE1E6F000032454 /* Assets.xcassets in Resources */ = {isa = PBXBuildFile; fileRef = 65B470D71FE1E6F000032454 /* Assets.xcassets */; };
		65B470DB1FE1E6F000032454 /* LaunchScreen.storyboard in Resources */ = {isa = PBXBuildFile; fileRef = 65B470D91FE1E6F000032454 /* LaunchScreen.storyboard */; };
		65B470E61FE1E6F000032454 /* Silly_SongTests.swift in Sources */ = {isa = PBXBuildFile; fileRef = 65B470E51FE1E6F000032454 /* Silly_SongTests.swift */; };
		65B470F11FE1E6F000032454 /* Silly_SongUITests.swift in Sources */ = {isa = PBXBuildFile; fileRef = 65B470F01FE1E6F000032454 /* Silly_SongUITests.swift */; };
/* End PBXBuildFile section */

/* Begin PBXContainerItemProxy section */
		65B470E21FE1E6F000032454 /* PBXContainerItemProxy */ = {
			isa = PBXContainerItemProxy;
			containerPortal = 65B470C51FE1E6EF00032454 /* Project object */;
			proxyType = 1;
			remoteGlobalIDString = 65B470CC1FE1E6EF00032454;
			remoteInfo = "Silly Song";
		};
		65B470ED1FE1E6F000032454 /* PBXContainerItemProxy */ = {
			isa = PBXContainerItemProxy;
			containerPortal = 65B470C51FE1E6EF00032454 /* Project object */;
			proxyType = 1;
			remoteGlobalIDString = 65B470CC1FE1E6EF00032454;
			remoteInfo = "Silly Song";
		};
/* End PBXContainerItemProxy section */

/* Begin PBXFileReference section */
		65B470CD1FE1E6EF00032454 /* Silly Song.app */ = {isa = PBXFileReference; explicitFileType = wrapper.application; includeInIndex = 0; path = "Silly Song.app"; sourceTree = BUILT_PRODUCTS_DIR; };
		65B470D01FE1E6EF00032454 /* AppDelegate.swift */ = {isa = PBXFileReference; lastKnownFileType = sourcecode.swift; path = AppDelegate.swift; sourceTree = "<group>"; };
		65B470D21FE1E6EF00032454 /* ViewController.swift */ = {isa = PBXFileReference; lastKnownFileType = sourcecode.swift; path = ViewController.swift; sourceTree = "<group>"; };
		65B470D51FE1E6F000032454 /* Base */ = {isa = PBXFileReference; lastKnownFileType = file.storyboard; name = Base; path = Base.lproj/Main.storyboard; sourceTree = "<group>"; };
		65B470D71FE1E6F000032454 /* Assets.xcassets */ = {isa = PBXFileReference; lastKnownFileType = folder.assetcatalog; path = Assets.xcassets; sourceTree = "<group>"; };
		65B470DA1FE1E6F000032454 /* Base */ = {isa = PBXFileReference; lastKnownFileType = file.storyboard; name = Base; path = Base.lproj/LaunchScreen.storyboard; sourceTree = "<group>"; };
		65B470DC1FE1E6F000032454 /* Info.plist */ = {isa = PBXFileReference; lastKnownFileType = text.plist.xml; path = Info.plist; sourceTree = "<group>"; };
		65B470E11FE1E6F000032454 /* Silly SongTests.xctest */ = {isa = PBXFileReference; explicitFileType = wrapper.cfbundle; includeInIndex = 0; path = "Silly SongTests.xctest"; sourceTree = BUILT_PRODUCTS_DIR; };
		65B470E51FE1E6F000032454 /* Silly_SongTests.swift */ = {isa = PBXFileReference; lastKnownFileType = sourcecode.swift; path = Silly_SongTests.swift; sourceTree = "<group>"; };
		65B470E71FE1E6F000032454 /* Info.plist */ = {isa = PBXFileReference; lastKnownFileType = text.plist.xml; path = Info.plist; sourceTree = "<group>"; };
		65B470EC1FE1E6F000032454 /* Silly SongUITests.xctest */ = {isa = PBXFileReference; explicitFileType = wrapper.cfbundle; includeInIndex = 0; path = "Silly SongUITests.xctest"; sourceTree = BUILT_PRODUCTS_DIR; };
		65B470F01FE1E6F000032454 /* Silly_SongUITests.swift */ = {isa = PBXFileReference; lastKnownFileType = sourcecode.swift; path = Silly_SongUITests.swift; sourceTree = "<group>"; };
		65B470F21FE1E6F000032454 /* Info.plist */ = {isa = PBXFileReference; lastKnownFileType = text.plist.xml; path = Info.plist; sourceTree = "<group>"; };
/* End PBXFileReference section */

/* Begin PBXFrameworksBuildPhase section */
		65B470CA1FE1E6EF00032454 /* Frameworks */ = {
			isa = PBXFrameworksBuildPhase;
			buildActionMask = 2147483647;
			files = (
			);
			runOnlyForDeploymentPostprocessing = 0;
		};
		65B470DE1FE1E6F000032454 /* Frameworks */ = {
			isa = PBXFrameworksBuildPhase;
			buildActionMask = 2147483647;
			files = (
			);
			runOnlyForDeploymentPostprocessing = 0;
		};
		65B470E91FE1E6F000032454 /* Frameworks */ = {
			isa = PBXFrameworksBuildPhase;
			buildActionMask = 2147483647;
			files = (
			);
			runOnlyForDeploymentPostprocessing = 0;
		};
/* End PBXFrameworksBuildPhase section */

/* Begin PBXGroup section */
		65B470C41FE1E6EF00032454 = {
			isa = PBXGroup;
			children = (
				65B470CF1FE1E6EF00032454 /* Silly Song */,
				65B470E41FE1E6F000032454 /* Silly SongTests */,
				65B470EF1FE1E6F000032454 /* Silly SongUITests */,
				65B470CE1FE1E6EF00032454 /* Products */,
			);
			sourceTree = "<group>";
		};
		65B470CE1FE1E6EF00032454 /* Products */ = {
			isa = PBXGroup;
			children = (
				65B470CD1FE1E6EF00032454 /* Silly Song.app */,
				65B470E11FE1E6F000032454 /* Silly SongTests.xctest */,
				65B470EC1FE1E6F000032454 /* Silly SongUITests.xctest */,
			);
			name = Products;
			sourceTree = "<group>";
		};
		65B470CF1FE1E6EF00032454 /* Silly Song */ = {
			isa = PBXGroup;
			children = (
				65B470D01FE1E6EF00032454 /* AppDelegate.swift */,
				65B470D21FE1E6EF00032454 /* ViewController.swift */,
				65B470D41FE1E6F000032454 /* Main.storyboard */,
				65B470D71FE1E6F000032454 /* Assets.xcassets */,
				65B470D91FE1E6F000032454 /* LaunchScreen.storyboard */,
				65B470DC1FE1E6F000032454 /* Info.plist */,
			);
			path = "Silly Song";
			sourceTree = "<group>";
		};
		65B470E41FE1E6F000032454 /* Silly SongTests */ = {
			isa = PBXGroup;
			children = (
				65B470E51FE1E6F000032454 /* Silly_SongTests.swift */,
				65B470E71FE1E6F000032454 /* Info.plist */,
			);
			path = "Silly SongTests";
			sourceTree = "<group>";
		};
		65B470EF1FE1E6F000032454 /* Silly SongUITests */ = {
			isa = PBXGroup;
			children = (
				65B470F01FE1E6F000032454 /* Silly_SongUITests.swift */,
				65B470F21FE1E6F000032454 /* Info.plist */,
			);
			path = "Silly SongUITests";
			sourceTree = "<group>";
		};
/* End PBXGroup section */

/* Begin PBXNativeTarget section */
		65B470CC1FE1E6EF00032454 /* Silly Song */ = {
			isa = PBXNativeTarget;
			buildConfigurationList = 65B470F51FE1E6F000032454 /* Build configuration list for PBXNativeTarget "Silly Song" */;
			buildPhases = (
				65B470C91FE1E6EF00032454 /* Sources */,
				65B470CA1FE1E6EF00032454 /* Frameworks */,
				65B470CB1FE1E6EF00032454 /* Resources */,
			);
			buildRules = (
			);
			dependencies = (
			);
			name = "Silly Song";
			productName = "Silly Song";
			productReference = 65B470CD1FE1E6EF00032454 /* Silly Song.app */;
			productType = "com.apple.product-type.application";
		};
		65B470E01FE1E6F000032454 /* Silly SongTests */ = {
			isa = PBXNativeTarget;
			buildConfigurationList = 65B470F81FE1E6F000032454 /* Build configuration list for PBXNativeTarget "Silly SongTests" */;
			buildPhases = (
				65B470DD1FE1E6F000032454 /* Sources */,
				65B470DE1FE1E6F000032454 /* Frameworks */,
				65B470DF1FE1E6F000032454 /* Resources */,
			);
			buildRules = (
			);
			dependencies = (
				65B470E31FE1E6F000032454 /* PBXTargetDependency */,
			);
			name = "Silly SongTests";
			productName = "Silly SongTests";
			productReference = 65B470E11FE1E6F000032454 /* Silly SongTests.xctest */;
			productType = "com.apple.product-type.bundle.unit-test";
		};
		65B470EB1FE1E6F000032454 /* Silly SongUITests */ = {
			isa = PBXNativeTarget;
			buildConfigurationList = 65B470FB1FE1E6F000032454 /* Build configuration list for PBXNativeTarget "Silly SongUITests" */;
			buildPhases = (
				65B470E81FE1E6F000032454 /* Sources */,
				65B470E91FE1E6F000032454 /* Frameworks */,
				65B470EA1FE1E6F000032454 /* Resources */,
			);
			buildRules = (
			);
			dependencies = (
				65B470EE1FE1E6F000032454 /* PBXTargetDependency */,
			);
			name = "Silly SongUITests";
			productName = "Silly SongUITests";
			productReference = 65B470EC1FE1E6F000032454 /* Silly SongUITests.xctest */;
			productType = "com.apple.product-type.bundle.ui-testing";
		};
/* End PBXNativeTarget section */

/* Begin PBXProject section */
		65B470C51FE1E6EF00032454 /* Project object */ = {
			isa = PBXProject;
			attributes = {
				LastSwiftUpdateCheck = 0920;
				LastUpgradeCheck = 0920;
				ORGANIZATIONNAME = "Vineet Joshi";
				TargetAttributes = {
					65B470CC1FE1E6EF00032454 = {
						CreatedOnToolsVersion = 9.2;
						ProvisioningStyle = Automatic;
					};
					65B470E01FE1E6F000032454 = {
						CreatedOnToolsVersion = 9.2;
						ProvisioningStyle = Automatic;
						TestTargetID = 65B470CC1FE1E6EF00032454;
					};
					65B470EB1FE1E6F000032454 = {
						CreatedOnToolsVersion = 9.2;
						ProvisioningStyle = Automatic;
						TestTargetID = 65B470CC1FE1E6EF00032454;
					};
				};
			};
			buildConfigurationList = 65B470C81FE1E6EF00032454 /* Build configuration list for PBXProject "Silly Song" */;
			compatibilityVersion = "Xcode 8.0";
			developmentRegion = en;
			hasScannedForEncodings = 0;
			knownRegions = (
				en,
				Base,
			);
			mainGroup = 65B470C41FE1E6EF00032454;
			productRefGroup = 65B470CE1FE1E6EF00032454 /* Products */;
			projectDirPath = "";
			projectRoot = "";
			targets = (
				65B470CC1FE1E6EF00032454 /* Silly Song */,
				65B470E01FE1E6F000032454 /* Silly SongTests */,
				65B470EB1FE1E6F000032454 /* Silly SongUITests */,
			);
		};
/* End PBXProject section */

/* Begin PBXResourcesBuildPhase section */
		65B470CB1FE1E6EF00032454 /* Resources */ = {
			isa = PBXResourcesBuildPhase;
			buildActionMask = 2147483647;
			files = (
				65B470DB1FE1E6F000032454 /* LaunchScreen.storyboard in Resources */,
				65B470D81FE1E6F000032454 /* Assets.xcassets in Resources */,
				65B470D61FE1E6F000032454 /* Main.storyboard in Resources */,
			);
			runOnlyForDeploymentPostprocessing = 0;
		};
		65B470DF1FE1E6F000032454 /* Resources */ = {
			isa = PBXResourcesBuildPhase;
			buildActionMask = 2147483647;
			files = (
			);
			runOnlyForDeploymentPostprocessing = 0;
		};
		65B470EA1FE1E6F000032454 /* Resources */ = {
			isa = PBXResourcesBuildPhase;
			buildActionMask = 2147483647;
			files = (
			);
			runOnlyForDeploymentPostprocessing = 0;
		};
/* End PBXResourcesBuildPhase section */

/* Begin PBXSourcesBuildPhase section */
		65B470C91FE1E6EF00032454 /* Sources */ = {
			isa = PBXSourcesBuildPhase;
			buildActionMask = 2147483647;
			files = (
				65B470D31FE1E6EF00032454 /* ViewController.swift in Sources */,
				65B470D11FE1E6EF00032454 /* AppDelegate.swift in Sources */,
			);
			runOnlyForDeploymentPostprocessing = 0;
		};
		65B470DD1FE1E6F000032454 /* Sources */ = {
			isa = PBXSourcesBuildPhase;
			buildActionMask = 2147483647;
			files = (
				65B470E61FE1E6F000032454 /* Silly_SongTests.swift in Sources */,
			);
			runOnlyForDeploymentPostprocessing = 0;
		};
		65B470E81FE1E6F000032454 /* Sources */ = {
			isa = PBXSourcesBuildPhase;
			buildActionMask = 2147483647;
			files = (
				65B470F11FE1E6F000032454 /* Silly_SongUITests.swift in Sources */,
			);
			runOnlyForDeploymentPostprocessing = 0;
		};
/* End PBXSourcesBuildPhase section */

/* Begin PBXTargetDependency section */
		65B470E31FE1E6F000032454 /* PBXTargetDependency */ = {
			isa = PBXTargetDependency;
			target = 65B470CC1FE1E6EF00032454 /* Silly Song */;
			targetProxy = 65B470E21FE1E6F000032454 /* PBXContainerItemProxy */;
		};
		65B470EE1FE1E6F000032454 /* PBXTargetDependency */ = {
			isa = PBXTargetDependency;
			target = 65B470CC1FE1E6EF00032454 /* Silly Song */;
			targetProxy = 65B470ED1FE1E6F000032454 /* PBXContainerItemProxy */;
		};
/* End PBXTargetDependency section */

/* Begin PBXVariantGroup section */
		65B470D41FE1E6F000032454 /* Main.storyboard */ = {
			isa = PBXVariantGroup;
			children = (
				65B470D51FE1E6F000032454 /* Base */,
			);
			name = Main.storyboard;
			sourceTree = "<group>";
		};
		65B470D91FE1E6F000032454 /* LaunchScreen.storyboard */ = {
			isa = PBXVariantGroup;
			children = (
				65B470DA1FE1E6F000032454 /* Base */,
			);
			name = LaunchScreen.storyboard;
			sourceTree = "<group>";
		};
/* End PBXVariantGroup section */

/* Begin XCBuildConfiguration section */
		65B470F31FE1E6F000032454 /* Debug */ = {
			isa = XCBuildConfiguration;
			buildSettings = {
				ALWAYS_SEARCH_USER_PATHS = NO;
				CLANG_ANALYZER_NONNULL = YES;
				CLANG_ANALYZER_NUMBER_OBJECT_CONVERSION = YES_AGGRESSIVE;
				CLANG_CXX_LANGUAGE_STANDARD = "gnu++14";
				CLANG_CXX_LIBRARY = "libc++";
				CLANG_ENABLE_MODULES = YES;
				CLANG_ENABLE_OBJC_ARC = YES;
				CLANG_WARN_BLOCK_CAPTURE_AUTORELEASING = YES;
				CLANG_WARN_BOOL_CONVERSION = YES;
				CLANG_WARN_COMMA = YES;
				CLANG_WARN_CONSTANT_CONVERSION = YES;
				CLANG_WARN_DIRECT_OBJC_ISA_USAGE = YES_ERROR;
				CLANG_WARN_DOCUMENTATION_COMMENTS = YES;
				CLANG_WARN_EMPTY_BODY = YES;
				CLANG_WARN_ENUM_CONVERSION = YES;
				CLANG_WARN_INFINITE_RECURSION = YES;
				CLANG_WARN_INT_CONVERSION = YES;
				CLANG_WARN_NON_LITERAL_NULL_CONVERSION = YES;
				CLANG_WARN_OBJC_LITERAL_CONVERSION = YES;
				CLANG_WARN_OBJC_ROOT_CLASS = YES_ERROR;
				CLANG_WARN_RANGE_LOOP_ANALYSIS = YES;
				CLANG_WARN_STRICT_PROTOTYPES = YES;
				CLANG_WARN_SUSPICIOUS_MOVE = YES;
				CLANG_WARN_UNGUARDED_AVAILABILITY = YES_AGGRESSIVE;
				CLANG_WARN_UNREACHABLE_CODE = YES;
				CLANG_WARN__DUPLICATE_METHOD_MATCH = YES;
				CODE_SIGN_IDENTITY = "iPhone Developer";
				COPY_PHASE_STRIP = NO;
				DEBUG_INFORMATION_FORMAT = dwarf;
				ENABLE_STRICT_OBJC_MSGSEND = YES;
				ENABLE_TESTABILITY = YES;
				GCC_C_LANGUAGE_STANDARD = gnu11;
				GCC_DYNAMIC_NO_PIC = NO;
				GCC_NO_COMMON_BLOCKS = YES;
				GCC_OPTIMIZATION_LEVEL = 0;
				GCC_PREPROCESSOR_DEFINITIONS = (
					"DEBUG=1",
					"$(inherited)",
				);
				GCC_WARN_64_TO_32_BIT_CONVERSION = YES;
				GCC_WARN_ABOUT_RETURN_TYPE = YES_ERROR;
				GCC_WARN_UNDECLARED_SELECTOR = YES;
				GCC_WARN_UNINITIALIZED_AUTOS = YES_AGGRESSIVE;
				GCC_WARN_UNUSED_FUNCTION = YES;
				GCC_WARN_UNUSED_VARIABLE = YES;
				IPHONEOS_DEPLOYMENT_TARGET = 11.2;
				MTL_ENABLE_DEBUG_INFO = YES;
				ONLY_ACTIVE_ARCH = YES;
				SDKROOT = iphoneos;
				SWIFT_ACTIVE_COMPILATION_CONDITIONS = DEBUG;
				SWIFT_OPTIMIZATION_LEVEL = "-Onone";
			};
			name = Debug;
		};
		65B470F41FE1E6F000032454 /* Release */ = {
			isa = XCBuildConfiguration;
			buildSettings = {
				ALWAYS_SEARCH_USER_PATHS = NO;
				CLANG_ANALYZER_NONNULL = YES;
				CLANG_ANALYZER_NUMBER_OBJECT_CONVERSION = YES_AGGRESSIVE;
				CLANG_CXX_LANGUAGE_STANDARD = "gnu++14";
				CLANG_CXX_LIBRARY = "libc++";
				CLANG_ENABLE_MODULES = YES;
				CLANG_ENABLE_OBJC_ARC = YES;
				CLANG_WARN_BLOCK_CAPTURE_AUTORELEASING = YES;
				CLANG_WARN_BOOL_CONVERSION = YES;
				CLANG_WARN_COMMA = YES;
				CLANG_WARN_CONSTANT_CONVERSION = YES;
				CLANG_WARN_DIRECT_OBJC_ISA_USAGE = YES_ERROR;
				CLANG_WARN_DOCUMENTATION_COMMENTS = YES;
				CLANG_WARN_EMPTY_BODY = YES;
				CLANG_WARN_ENUM_CONVERSION = YES;
				CLANG_WARN_INFINITE_RECURSION = YES;
				CLANG_WARN_INT_CONVERSION = YES;
				CLANG_WARN_NON_LITERAL_NULL_CONVERSION = YES;
				CLANG_WARN_OBJC_LITERAL_CONVERSION = YES;
				CLANG_WARN_OBJC_ROOT_CLASS = YES_ERROR;
				CLANG_WARN_RANGE_LOOP_ANALYSIS = YES;
				CLANG_WARN_STRICT_PROTOTYPES = YES;
				CLANG_WARN_SUSPICIOUS_MOVE = YES;
				CLANG_WARN_UNGUARDED_AVAILABILITY = YES_AGGRESSIVE;
				CLANG_WARN_UNREACHABLE_CODE = YES;
				CLANG_WARN__DUPLICATE_METHOD_MATCH = YES;
				CODE_SIGN_IDENTITY = "iPhone Developer";
				COPY_PHASE_STRIP = NO;
				DEBUG_INFORMATION_FORMAT = "dwarf-with-dsym";
				ENABLE_NS_ASSERTIONS = NO;
				ENABLE_STRICT_OBJC_MSGSEND = YES;
				GCC_C_LANGUAGE_STANDARD = gnu11;
				GCC_NO_COMMON_BLOCKS = YES;
				GCC_WARN_64_TO_32_BIT_CONVERSION = YES;
				GCC_WARN_ABOUT_RETURN_TYPE = YES_ERROR;
				GCC_WARN_UNDECLARED_SELECTOR = YES;
				GCC_WARN_UNINITIALIZED_AUTOS = YES_AGGRESSIVE;
				GCC_WARN_UNUSED_FUNCTION = YES;
				GCC_WARN_UNUSED_VARIABLE = YES;
				IPHONEOS_DEPLOYMENT_TARGET = 11.2;
				MTL_ENABLE_DEBUG_INFO = NO;
				SDKROOT = iphoneos;
				SWIFT_OPTIMIZATION_LEVEL = "-Owholemodule";
				VALIDATE_PRODUCT = YES;
			};
			name = Release;
		};
		65B470F61FE1E6F000032454 /* Debug */ = {
			isa = XCBuildConfiguration;
			buildSettings = {
				ASSETCATALOG_COMPILER_APPICON_NAME = AppIcon;
				CODE_SIGN_STYLE = Automatic;
				INFOPLIST_FILE = "Silly Song/Info.plist";
				LD_RUNPATH_SEARCH_PATHS = "$(inherited) @executable_path/Frameworks";
				PRODUCT_BUNDLE_IDENTIFIER = "vineet0713.Silly-Song";
				PRODUCT_NAME = "$(TARGET_NAME)";
				SWIFT_VERSION = 4.0;
				TARGETED_DEVICE_FAMILY = "1,2";
			};
			name = Debug;
		};
		65B470F71FE1E6F000032454 /* Release */ = {
			isa = XCBuildConfiguration;
			buildSettings = {
				ASSETCATALOG_COMPILER_APPICON_NAME = AppIcon;
				CODE_SIGN_STYLE = Automatic;
				INFOPLIST_FILE = "Silly Song/Info.plist";
				LD_RUNPATH_SEARCH_PATHS = "$(inherited) @executable_path/Frameworks";
				PRODUCT_BUNDLE_IDENTIFIER = "vineet0713.Silly-Song";
				PRODUCT_NAME = "$(TARGET_NAME)";
				SWIFT_VERSION = 4.0;
				TARGETED_DEVICE_FAMILY = "1,2";
			};
			name = Release;
		};
		65B470F91FE1E6F000032454 /* Debug */ = {
			isa = XCBuildConfiguration;
			buildSettings = {
				ALWAYS_EMBED_SWIFT_STANDARD_LIBRARIES = YES;
				BUNDLE_LOADER = "$(TEST_HOST)";
				CODE_SIGN_STYLE = Automatic;
				INFOPLIST_FILE = "Silly SongTests/Info.plist";
				LD_RUNPATH_SEARCH_PATHS = "$(inherited) @executable_path/Frameworks @loader_path/Frameworks";
				PRODUCT_BUNDLE_IDENTIFIER = "vineet0713.Silly-SongTests";
				PRODUCT_NAME = "$(TARGET_NAME)";
				SWIFT_VERSION = 4.0;
				TARGETED_DEVICE_FAMILY = "1,2";
				TEST_HOST = "$(BUILT_PRODUCTS_DIR)/Silly Song.app/Silly Song";
			};
			name = Debug;
		};
		65B470FA1FE1E6F000032454 /* Release */ = {
			isa = XCBuildConfiguration;
			buildSettings = {
				ALWAYS_EMBED_SWIFT_STANDARD_LIBRARIES = YES;
				BUNDLE_LOADER = "$(TEST_HOST)";
				CODE_SIGN_STYLE = Automatic;
				INFOPLIST_FILE = "Silly SongTests/Info.plist";
				LD_RUNPATH_SEARCH_PATHS = "$(inherited) @executable_path/Frameworks @loader_path/Frameworks";
				PRODUCT_BUNDLE_IDENTIFIER = "vineet0713.Silly-SongTests";
				PRODUCT_NAME = "$(TARGET_NAME)";
				SWIFT_VERSION = 4.0;
				TARGETED_DEVICE_FAMILY = "1,2";
				TEST_HOST = "$(BUILT_PRODUCTS_DIR)/Silly Song.app/Silly Song";
			};
			name = Release;
		};
		65B470FC1FE1E6F000032454 /* Debug */ = {
			isa = XCBuildConfiguration;
			buildSettings = {
				ALWAYS_EMBED_SWIFT_STANDARD_LIBRARIES = YES;
				CODE_SIGN_STYLE = Automatic;
				INFOPLIST_FILE = "Silly SongUITests/Info.plist";
				LD_RUNPATH_SEARCH_PATHS = "$(inherited) @executable_path/Frameworks @loader_path/Frameworks";
				PRODUCT_BUNDLE_IDENTIFIER = "vineet0713.Silly-SongUITests";
				PRODUCT_NAME = "$(TARGET_NAME)";
				SWIFT_VERSION = 4.0;
				TARGETED_DEVICE_FAMILY = "1,2";
				TEST_TARGET_NAME = "Silly Song";
			};
			name = Debug;
		};
		65B470FD1FE1E6F000032454 /* Release */ = {
			isa = XCBuildConfiguration;
			buildSettings = {
				ALWAYS_EMBED_SWIFT_STANDARD_LIBRARIES = YES;
				CODE_SIGN_STYLE = Automatic;
				INFOPLIST_FILE = "Silly SongUITests/Info.plist";
				LD_RUNPATH_SEARCH_PATHS = "$(inherited) @executable_path/Frameworks @loader_path/Frameworks";
				PRODUCT_BUNDLE_IDENTIFIER = "vineet0713.Silly-SongUITests";
				PRODUCT_NAME = "$(TARGET_NAME)";
				SWIFT_VERSION = 4.0;
				TARGETED_DEVICE_FAMILY = "1,2";
				TEST_TARGET_NAME = "Silly Song";
			};
			name = Release;
		};
/* End XCBuildConfiguration section */

/* Begin XCConfigurationList section */
		65B470C81FE1E6EF00032454 /* Build configuration list for PBXProject "Silly Song" */ = {
			isa = XCConfigurationList;
			buildConfigurations = (
				65B470F31FE1E6F000032454 /* Debug */,
				65B470F41FE1E6F000032454 /* Release */,
			);
			defaultConfigurationIsVisible = 0;
			defaultConfigurationName = Release;
		};
		65B470F51FE1E6F000032454 /* Build configuration list for PBXNativeTarget "Silly Song" */ = {
			isa = XCConfigurationList;
			buildConfigurations = (
				65B470F61FE1E6F000032454 /* Debug */,
				65B470F71FE1E6F000032454 /* Release */,
			);
			defaultConfigurationIsVisible = 0;
			defaultConfigurationName = Release;
		};
		65B470F81FE1E6F000032454 /* Build configuration list for PBXNativeTarget "Silly SongTests" */ = {
			isa = XCConfigurationList;
			buildConfigurations = (
				65B470F91FE1E6F000032454 /* Debug */,
				65B470FA1FE1E6F000032454 /* Release */,
			);
			defaultConfigurationIsVisible = 0;
			defaultConfigurationName = Release;
		};
		65B470FB1FE1E6F000032454 /* Build configuration list for PBXNativeTarget "Silly SongUITests" */ = {
			isa = XCConfigurationList;
			buildConfigurations = (
				65B470FC1FE1E6F000032454 /* Debug */,
				65B470FD1FE1E6F000032454 /* Release */,
			);
			defaultConfigurationIsVisible = 0;
			defaultConfigurationName = Release;
		};
/* End XCConfigurationList section */
	};
	rootObject = 65B470C51FE1E6EF00032454 /* Project object */;
}
